name: Temporary uv lock refresh

on:
  push:
    branches:
      - feat/desktop-gui-installer-and-zip-unicode

permissions:
  contents: write

jobs:
  refresh:
    if: github.actor != 'github-actions[bot]'
    runs-on: ubuntu-latest
    steps:
      - uses: actions/checkout@v5
      - uses: astral-sh/setup-uv@20cfd1bf945f4377ade1205e4dbc17946fc9a30d
        with:
          version: latest-known
      - name: Regenerar uv.lock
        run: uv lock
      - name: Commit updated lockfile
        shell: bash
        run: |
          if git diff --quiet -- uv.lock; then
            exit 0
          fi
          git config user.name "github-actions[bot]"
          git config user.email "41898282+github-actions[bot]@users.noreply.github.com"
          git add uv.lock
          git commit -m "chore: actualizar uv.lock para dependencias x86"
          git push
